
Microsoft Visual Studio Solution File, Format Version 12.00
# Visual Studio Version 17
VisualStudioVersion = 17.9.34723.18
MinimumVisualStudioVersion = 10.0.40219.1
Project("{FAE04EC0-301F-11D3-BF4B-00C04F79EFBC}") = "Planning_3ITB", "Planning_3ITB\Planning_3ITB.csproj", "{C69AAE96-58E3-4B24-AE1C-0848380F43DB}"
EndProject
Global
	GlobalSection(SolutionConfigurationPlatforms) = preSolution
		Debug|Any CPU = Debug|Any CPU
		Release|Any CPU = Release|Any CPU
	EndGlobalSection
	GlobalSection(ProjectConfigurationPlatforms) = postSolution
		{C69AAE96-58E3-4B24-AE1C-0848380F43DB}.Debug|Any CPU.ActiveCfg = Debug|Any CPU
		{C69AAE96-58E3-4B24-AE1C-0848380F43DB}.Debug|Any CPU.Build.0 = Debug|Any CPU
		{C69AAE96-58E3-4B24-AE1C-0848380F43DB}.Release|Any CPU.ActiveCfg = Release|Any CPU
		{C69AAE96-58E3-4B24-AE1C-0848380F43DB}.Release|Any CPU.Build.0 = Release|Any CPU
	EndGlobalSection
	GlobalSection(SolutionProperties) = preSolution
		HideSolutionNode = FALSE
	EndGlobalSection
	GlobalSection(ExtensibilityGlobals) = postSolution
		SolutionGuid = {CB6A98F0-7FCF-461A-AA63-E434C2359C8E}
	EndGlobalSection
EndGlobal
